
Microsoft Visual Studio Solution File, Format Version 12.00
# Visual Studio 15
Project("{FAE04EC0-301F-11D3-BF4B-00C04F79EFBC}") = "EsotericUtilities.Dialogue", "EsotericUtilities.Dialogue.csproj", "{0DC16146-2CDF-7201-2F36-566C2A5FEEBB}"
EndProject
Project("{FAE04EC0-301F-11D3-BF4B-00C04F79EFBC}") = "EsotericUtilities.Core", "EsotericUtilities.Core.csproj", "{60B2C22B-5C88-FE77-F6F0-40FA40EE77F7}"
EndProject
Global
	GlobalSection(SolutionConfigurationPlatforms) = preSolution
		Debug|Any CPU = Debug|Any CPU
		Release|Any CPU = Release|Any CPU
	EndGlobalSection
	GlobalSection(ProjectConfigurationPlatforms) = postSolution
		{0DC16146-2CDF-7201-2F36-566C2A5FEEBB}.Debug|Any CPU.ActiveCfg = Debug|Any CPU
		{0DC16146-2CDF-7201-2F36-566C2A5FEEBB}.Debug|Any CPU.Build.0 = Debug|Any CPU
		{0DC16146-2CDF-7201-2F36-566C2A5FEEBB}.Release|Any CPU.ActiveCfg = Release|Any CPU
		{0DC16146-2CDF-7201-2F36-566C2A5FEEBB}.Release|Any CPU.Build.0 = Release|Any CPU
		{60B2C22B-5C88-FE77-F6F0-40FA40EE77F7}.Debug|Any CPU.ActiveCfg = Debug|Any CPU
		{60B2C22B-5C88-FE77-F6F0-40FA40EE77F7}.Debug|Any CPU.Build.0 = Debug|Any CPU
		{60B2C22B-5C88-FE77-F6F0-40FA40EE77F7}.Release|Any CPU.ActiveCfg = Release|Any CPU
		{60B2C22B-5C88-FE77-F6F0-40FA40EE77F7}.Release|Any CPU.Build.0 = Release|Any CPU
	EndGlobalSection
	GlobalSection(SolutionProperties) = preSolution
		HideSolutionNode = FALSE
	EndGlobalSection
EndGlobal
