
Microsoft Visual Studio Solution File, Format Version 12.00
# Visual Studio 15
Project("{FAE04EC0-301F-11D3-BF4B-00C04F79EFBC}") = "EsotericUtilities.Core", "EsotericUtilities.Core.csproj", "{60B2C22B-5C88-FE77-F6F0-40FA40EE77F7}"
EndProject
Project("{FAE04EC0-301F-11D3-BF4B-00C04F79EFBC}") = "EsotericPlayerControllers", "EsotericPlayerControllers.csproj", "{55CBAB8D-1006-CFDE-AD4D-962F1B6F6EC9}"
EndProject
Global
	GlobalSection(SolutionConfigurationPlatforms) = preSolution
		Debug|Any CPU = Debug|Any CPU
		Release|Any CPU = Release|Any CPU
	EndGlobalSection
	GlobalSection(ProjectConfigurationPlatforms) = postSolution
		{60B2C22B-5C88-FE77-F6F0-40FA40EE77F7}.Debug|Any CPU.ActiveCfg = Debug|Any CPU
		{60B2C22B-5C88-FE77-F6F0-40FA40EE77F7}.Debug|Any CPU.Build.0 = Debug|Any CPU
		{60B2C22B-5C88-FE77-F6F0-40FA40EE77F7}.Release|Any CPU.ActiveCfg = Release|Any CPU
		{60B2C22B-5C88-FE77-F6F0-40FA40EE77F7}.Release|Any CPU.Build.0 = Release|Any CPU
		{55CBAB8D-1006-CFDE-AD4D-962F1B6F6EC9}.Debug|Any CPU.ActiveCfg = Debug|Any CPU
		{55CBAB8D-1006-CFDE-AD4D-962F1B6F6EC9}.Debug|Any CPU.Build.0 = Debug|Any CPU
		{55CBAB8D-1006-CFDE-AD4D-962F1B6F6EC9}.Release|Any CPU.ActiveCfg = Release|Any CPU
		{55CBAB8D-1006-CFDE-AD4D-962F1B6F6EC9}.Release|Any CPU.Build.0 = Release|Any CPU
	EndGlobalSection
	GlobalSection(SolutionProperties) = preSolution
		HideSolutionNode = FALSE
	EndGlobalSection
EndGlobal
